
Microsoft Visual Studio Solution File, Format Version 12.00
# Visual Studio Version 17
VisualStudioVersion = 17.11.35327.3
MinimumVisualStudioVersion = 10.0.40219.1
Project("{FAE04EC0-301F-11D3-BF4B-00C04F79EFBC}") = "Codigo2024Clase27", "Codigo2024Clase27\Codigo2024Clase27.csproj", "{EF95751E-1D3C-4404-A435-01B02A8FF3CC}"
EndProject
Project("{FAE04EC0-301F-11D3-BF4B-00C04F79EFBC}") = "Bridge", "Bridge\Bridge.csproj", "{A1534DDD-679C-4B96-B62D-7CD6B32666FD}"
EndProject
Global
	GlobalSection(SolutionConfigurationPlatforms) = preSolution
		Debug|Any CPU = Debug|Any CPU
		Release|Any CPU = Release|Any CPU
	EndGlobalSection
	GlobalSection(ProjectConfigurationPlatforms) = postSolution
		{EF95751E-1D3C-4404-A435-01B02A8FF3CC}.Debug|Any CPU.ActiveCfg = Debug|Any CPU
		{EF95751E-1D3C-4404-A435-01B02A8FF3CC}.Debug|Any CPU.Build.0 = Debug|Any CPU
		{EF95751E-1D3C-4404-A435-01B02A8FF3CC}.Release|Any CPU.ActiveCfg = Release|Any CPU
		{EF95751E-1D3C-4404-A435-01B02A8FF3CC}.Release|Any CPU.Build.0 = Release|Any CPU
		{A1534DDD-679C-4B96-B62D-7CD6B32666FD}.Debug|Any CPU.ActiveCfg = Debug|Any CPU
		{A1534DDD-679C-4B96-B62D-7CD6B32666FD}.Debug|Any CPU.Build.0 = Debug|Any CPU
		{A1534DDD-679C-4B96-B62D-7CD6B32666FD}.Release|Any CPU.ActiveCfg = Release|Any CPU
		{A1534DDD-679C-4B96-B62D-7CD6B32666FD}.Release|Any CPU.Build.0 = Release|Any CPU
	EndGlobalSection
	GlobalSection(SolutionProperties) = preSolution
		HideSolutionNode = FALSE
	EndGlobalSection
	GlobalSection(ExtensibilityGlobals) = postSolution
		SolutionGuid = {B664CFCE-29D5-4648-AA7A-727C3E53EA6E}
	EndGlobalSection
EndGlobal
